// !$*UTF8*$!
{
	archiveVersion = 1;
	classes = {
	};
	objectVersion = 56;
	objects = {

/* Begin PBXBuildFile section */
		4159FE622D497D4600B79670 /* Assets.xcassets in Resources */ = {isa = PBXBuildFile; fileRef = 4159FE612D497D4600B79670 /* Assets.xcassets */; };
		416975F62D497E21004C8E93 /* metrics.swift in Sources */ = {isa = PBXBuildFile; fileRef = 416975EC2D497E21004C8E93 /* metrics.swift */; };
		416975F72D497E21004C8E93 /* config.swift in Sources */ = {isa = PBXBuildFile; fileRef = 416975ED2D497E21004C8E93 /* config.swift */; };
		416975F82D497E21004C8E93 /* screen_capture.swift in Sources */ = {isa = PBXBuildFile; fileRef = 416975EE2D497E21004C8E93 /* screen_capture.swift */; };
		416975F92D497E21004C8E93 /* MetalRenderer.swift in Sources */ = {isa = PBXBuildFile; fileRef = 416975EF2D497E21004C8E93 /* MetalRenderer.swift */; };
		416975FA2D497E21004C8E93 /* config_view.swift in Sources */ = {isa = PBXBuildFile; fileRef = 416975F02D497E21004C8E93 /* config_view.swift */; };
		416975FC2D497E21004C8E93 /* overlay.swift in Sources */ = {isa = PBXBuildFile; fileRef = 416975F22D497E21004C8E93 /* overlay.swift */; };
		416975FD2D497E21004C8E93 /* error_message.swift in Sources */ = {isa = PBXBuildFile; fileRef = 416975F32D497E21004C8E93 /* error_message.swift */; };
		416975FE2D497E21004C8E93 /* main.swift in Sources */ = {isa = PBXBuildFile; fileRef = 416975F42D497E21004C8E93 /* main.swift */; };
		416975FF2D497E21004C8E93 /* effect_view.swift in Sources */ = {isa = PBXBuildFile; fileRef = 416975F52D497E21004C8E93 /* effect_view.swift */; };
		41C290E42D4B04A100675317 /* Sparkle in Frameworks */ = {isa = PBXBuildFile; productRef = 41C290E32D4B04A100675317 /* Sparkle */; };
		AABBCC012D58000000000001 /* logger.swift in Sources */ = {isa = PBXBuildFile; fileRef = AABBCC002D58000000000001 /* logger.swift */; };
		A1B2C3D4E5F6000000000002 /* CursorTracker.swift in Sources */ = {isa = PBXBuildFile; fileRef = A1B2C3D4E5F6000000000001 /* CursorTracker.swift */; };
		A1B2C3D4E5F6000000000004 /* CursorHider.swift in Sources */ = {isa = PBXBuildFile; fileRef = A1B2C3D4E5F6000000000003 /* CursorHider.swift */; };
/* End PBXBuildFile section */

/* Begin PBXFileReference section */
		4159FE5C2D497D4400B79670 /* ScreenShader.app */ = {isa = PBXFileReference; explicitFileType = wrapper.application; includeInIndex = 0; path = ScreenShader.app; sourceTree = BUILT_PRODUCTS_DIR; };
		4159FE612D497D4600B79670 /* Assets.xcassets */ = {isa = PBXFileReference; lastKnownFileType = folder.assetcatalog; path = Assets.xcassets; sourceTree = "<group>"; };
		4159FE662D497D4600B79670 /* ScreenShader.entitlements */ = {isa = PBXFileReference; lastKnownFileType = text.plist.entitlements; path = ScreenShader.entitlements; sourceTree = "<group>"; };
		416975EC2D497E21004C8E93 /* metrics.swift */ = {isa = PBXFileReference; fileEncoding = 4; lastKnownFileType = sourcecode.swift; path = metrics.swift; sourceTree = "<group>"; };
		416975ED2D497E21004C8E93 /* config.swift */ = {isa = PBXFileReference; fileEncoding = 4; lastKnownFileType = sourcecode.swift; path = config.swift; sourceTree = "<group>"; };
		416975EE2D497E21004C8E93 /* screen_capture.swift */ = {isa = PBXFileReference; fileEncoding = 4; lastKnownFileType = sourcecode.swift; path = screen_capture.swift; sourceTree = "<group>"; };
		416975EF2D497E21004C8E93 /* MetalRenderer.swift */ = {isa = PBXFileReference; fileEncoding = 4; lastKnownFileType = sourcecode.swift; path = MetalRenderer.swift; sourceTree = "<group>"; };
		416975F02D497E21004C8E93 /* config_view.swift */ = {isa = PBXFileReference; fileEncoding = 4; lastKnownFileType = sourcecode.swift; path = config_view.swift; sourceTree = "<group>"; };
		416975F22D497E21004C8E93 /* overlay.swift */ = {isa = PBXFileReference; fileEncoding = 4; lastKnownFileType = sourcecode.swift; path = overlay.swift; sourceTree = "<group>"; };
		416975F32D497E21004C8E93 /* error_message.swift */ = {isa = PBXFileReference; fileEncoding = 4; lastKnownFileType = sourcecode.swift; path = error_message.swift; sourceTree = "<group>"; };
		416975F42D497E21004C8E93 /* main.swift */ = {isa = PBXFileReference; fileEncoding = 4; lastKnownFileType = sourcecode.swift; path = main.swift; sourceTree = "<group>"; };
		416975F52D497E21004C8E93 /* effect_view.swift */ = {isa = PBXFileReference; fileEncoding = 4; lastKnownFileType = sourcecode.swift; path = effect_view.swift; sourceTree = "<group>"; };
		4176335D2D4DB1EB00FCC2AF /* waves.gif */ = {isa = PBXFileReference; lastKnownFileType = image.gif; path = waves.gif; sourceTree = "<group>"; };
		41C290CD2D49862B00675317 /* Info.plist */ = {isa = PBXFileReference; lastKnownFileType = text.plist; path = Info.plist; sourceTree = "<group>"; };
		41C290CE2D4ABD2000675317 /* README.md */ = {isa = PBXFileReference; lastKnownFileType = net.daringfireball.markdown; path = README.md; sourceTree = "<group>"; };
		41C290DE2D4AC87F00675317 /* screen_recording.png */ = {isa = PBXFileReference; lastKnownFileType = image.png; path = screen_recording.png; sourceTree = "<group>"; };
		41C290DF2D4AC87F00675317 /* red_blue_swap.png */ = {isa = PBXFileReference; lastKnownFileType = image.png; path = red_blue_swap.png; sourceTree = "<group>"; };
		41C290E02D4AC88E00675317 /* toggle.png */ = {isa = PBXFileReference; lastKnownFileType = image.png; path = toggle.png; sourceTree = "<group>"; };
		41C290E12D4AC88E00675317 /* select_activate.png */ = {isa = PBXFileReference; lastKnownFileType = image.png; path = select_activate.png; sourceTree = "<group>"; };
		AABBCC002D58000000000001 /* logger.swift */ = {isa = PBXFileReference; fileEncoding = 4; lastKnownFileType = sourcecode.swift; path = logger.swift; sourceTree = "<group>"; };
		A1B2C3D4E5F6000000000001 /* CursorTracker.swift */ = {isa = PBXFileReference; fileEncoding = 4; lastKnownFileType = sourcecode.swift; path = CursorTracker.swift; sourceTree = "<group>"; };
		A1B2C3D4E5F6000000000003 /* CursorHider.swift */ = {isa = PBXFileReference; fileEncoding = 4; lastKnownFileType = sourcecode.swift; path = CursorHider.swift; sourceTree = "<group>"; };
/* End PBXFileReference section */

/* Begin PBXFrameworksBuildPhase section */
		4159FE592D497D4400B79670 /* Frameworks */ = {
			isa = PBXFrameworksBuildPhase;
			buildActionMask = 2147483647;
			files = (
				41C290E42D4B04A100675317 /* Sparkle in Frameworks */,
			);
			runOnlyForDeploymentPostprocessing = 0;
		};
/* End PBXFrameworksBuildPhase section */

/* Begin PBXGroup section */
		4159FE532D497D4400B79670 = {
			isa = PBXGroup;
			children = (
				41C290D22D4AC3DA00675317 /* images */,
				41C290CE2D4ABD2000675317 /* README.md */,
				4159FE5E2D497D4400B79670 /* ScreenShader */,
				4159FE5D2D497D4400B79670 /* Products */,
			);
			indentWidth = 2;
			sourceTree = "<group>";
			tabWidth = 2;
		};
		4159FE5D2D497D4400B79670 /* Products */ = {
			isa = PBXGroup;
			children = (
				4159FE5C2D497D4400B79670 /* ScreenShader.app */,
			);
			name = Products;
			sourceTree = "<group>";
		};
		4159FE5E2D497D4400B79670 /* ScreenShader */ = {
			isa = PBXGroup;
			children = (
				41C290CD2D49862B00675317 /* Info.plist */,
				4159FE612D497D4600B79670 /* Assets.xcassets */,
				4159FE662D497D4600B79670 /* ScreenShader.entitlements */,
				416975F02D497E21004C8E93 /* config_view.swift */,
				416975ED2D497E21004C8E93 /* config.swift */,
				416975F52D497E21004C8E93 /* effect_view.swift */,
				416975F32D497E21004C8E93 /* error_message.swift */,
				AABBCC002D58000000000001 /* logger.swift */,
				416975F42D497E21004C8E93 /* main.swift */,
				416975EC2D497E21004C8E93 /* metrics.swift */,
				416975F22D497E21004C8E93 /* overlay.swift */,
				416975EF2D497E21004C8E93 /* MetalRenderer.swift */,
				A1B2C3D4E5F6000000000001 /* CursorTracker.swift */,
				A1B2C3D4E5F6000000000003 /* CursorHider.swift */,

				416975EE2D497E21004C8E93 /* screen_capture.swift */,
			);
			path = ScreenShader;
			sourceTree = "<group>";
		};
		41C290D22D4AC3DA00675317 /* images */ = {
			isa = PBXGroup;
			children = (
				4176335D2D4DB1EB00FCC2AF /* waves.gif */,
				41C290E12D4AC88E00675317 /* select_activate.png */,
				41C290E02D4AC88E00675317 /* toggle.png */,
				41C290DF2D4AC87F00675317 /* red_blue_swap.png */,
				41C290DE2D4AC87F00675317 /* screen_recording.png */,
			);
			path = images;
			sourceTree = "<group>";
		};
/* End PBXGroup section */

/* Begin PBXNativeTarget section */
		4159FE5B2D497D4400B79670 /* ScreenShader */ = {
			isa = PBXNativeTarget;
			buildConfigurationList = 4159FE692D497D4600B79670 /* Build configuration list for PBXNativeTarget "ScreenShader" */;
			buildPhases = (
				4159FE582D497D4400B79670 /* Sources */,
				4159FE592D497D4400B79670 /* Frameworks */,
				4159FE5A2D497D4400B79670 /* Resources */,
			);
			buildRules = (
			);
			dependencies = (
			);
			name = ScreenShader;
			packageProductDependencies = (
				41C290E32D4B04A100675317 /* Sparkle */,
			);
			productName = ScreenShader;
			productReference = 4159FE5C2D497D4400B79670 /* ScreenShader.app */;
			productType = "com.apple.product-type.application";
		};
/* End PBXNativeTarget section */

/* Begin PBXProject section */
		4159FE542D497D4400B79670 /* Project object */ = {
			isa = PBXProject;
			attributes = {
				BuildIndependentTargetsInParallel = 1;
				LastSwiftUpdateCheck = 1520;
				LastUpgradeCheck = 1520;
				TargetAttributes = {
					4159FE5B2D497D4400B79670 = {
						CreatedOnToolsVersion = 15.2;
					};
				};
			};
			buildConfigurationList = 4159FE572D497D4400B79670 /* Build configuration list for PBXProject "ScreenShader" */;
			compatibilityVersion = "Xcode 14.0";
			developmentRegion = en;
			hasScannedForEncodings = 0;
			knownRegions = (
				en,
				Base,
			);
			mainGroup = 4159FE532D497D4400B79670;
			packageReferences = (
				41C290E22D4B04A100675317 /* XCRemoteSwiftPackageReference "Sparkle" */,
			);
			productRefGroup = 4159FE5D2D497D4400B79670 /* Products */;
			projectDirPath = "";
			projectRoot = "";
			targets = (
				4159FE5B2D497D4400B79670 /* ScreenShader */,
			);
		};
/* End PBXProject section */

/* Begin PBXResourcesBuildPhase section */
		4159FE5A2D497D4400B79670 /* Resources */ = {
			isa = PBXResourcesBuildPhase;
			buildActionMask = 2147483647;
			files = (
				4159FE622D497D4600B79670 /* Assets.xcassets in Resources */,
			);
			runOnlyForDeploymentPostprocessing = 0;
		};
/* End PBXResourcesBuildPhase section */

/* Begin PBXSourcesBuildPhase section */
		4159FE582D497D4400B79670 /* Sources */ = {
			isa = PBXSourcesBuildPhase;
			buildActionMask = 2147483647;
			files = (
				416975F72D497E21004C8E93 /* config.swift in Sources */,
				AABBCC012D58000000000001 /* logger.swift in Sources */,
				416975FE2D497E21004C8E93 /* main.swift in Sources */,
				416975F82D497E21004C8E93 /* screen_capture.swift in Sources */,
				416975FC2D497E21004C8E93 /* overlay.swift in Sources */,
				416975FD2D497E21004C8E93 /* error_message.swift in Sources */,
				416975F92D497E21004C8E93 /* MetalRenderer.swift in Sources */,
				A1B2C3D4E5F6000000000002 /* CursorTracker.swift in Sources */,
				A1B2C3D4E5F6000000000004 /* CursorHider.swift in Sources */,

				416975FA2D497E21004C8E93 /* config_view.swift in Sources */,
				416975F62D497E21004C8E93 /* metrics.swift in Sources */,
				416975FF2D497E21004C8E93 /* effect_view.swift in Sources */,
			);
			runOnlyForDeploymentPostprocessing = 0;
		};
/* End PBXSourcesBuildPhase section */

/* Begin XCBuildConfiguration section */
		4159FE672D497D4600B79670 /* Debug */ = {
			isa = XCBuildConfiguration;
			buildSettings = {
				ALWAYS_SEARCH_USER_PATHS = NO;
				ASSETCATALOG_COMPILER_GENERATE_SWIFT_ASSET_SYMBOL_EXTENSIONS = YES;
				CLANG_ANALYZER_NONNULL = YES;
				CLANG_ANALYZER_NUMBER_OBJECT_CONVERSION = YES_AGGRESSIVE;
				CLANG_CXX_LANGUAGE_STANDARD = "gnu++20";
				CLANG_ENABLE_MODULES = YES;
				CLANG_ENABLE_OBJC_ARC = YES;
				CLANG_ENABLE_OBJC_WEAK = YES;
				CLANG_WARN_BLOCK_CAPTURE_AUTORELEASING = YES;
				CLANG_WARN_BOOL_CONVERSION = YES;
				CLANG_WARN_COMMA = YES;
				CLANG_WARN_CONSTANT_CONVERSION = YES;
				CLANG_WARN_DEPRECATED_OBJC_IMPLEMENTATIONS = YES;
				CLANG_WARN_DIRECT_OBJC_ISA_USAGE = YES_ERROR;
				CLANG_WARN_DOCUMENTATION_COMMENTS = YES;
				CLANG_WARN_EMPTY_BODY = YES;
				CLANG_WARN_ENUM_CONVERSION = YES;
				CLANG_WARN_INFINITE_RECURSION = YES;
				CLANG_WARN_INT_CONVERSION = YES;
				CLANG_WARN_NON_LITERAL_NULL_CONVERSION = YES;
				CLANG_WARN_OBJC_IMPLICIT_RETAIN_SELF = YES;
				CLANG_WARN_OBJC_LITERAL_CONVERSION = YES;
				CLANG_WARN_OBJC_ROOT_CLASS = YES_ERROR;
				CLANG_WARN_QUOTED_INCLUDE_IN_FRAMEWORK_HEADER = YES;
				CLANG_WARN_RANGE_LOOP_ANALYSIS = YES;
				CLANG_WARN_STRICT_PROTOTYPES = YES;
				CLANG_WARN_SUSPICIOUS_MOVE = YES;
				CLANG_WARN_UNGUARDED_AVAILABILITY = YES_AGGRESSIVE;
				CLANG_WARN_UNREACHABLE_CODE = YES;
				CLANG_WARN__DUPLICATE_METHOD_MATCH = YES;
				COPY_PHASE_STRIP = NO;
				DEBUG_INFORMATION_FORMAT = dwarf;
				ENABLE_STRICT_OBJC_MSGSEND = YES;
				ENABLE_TESTABILITY = YES;
				ENABLE_USER_SCRIPT_SANDBOXING = YES;
				GCC_C_LANGUAGE_STANDARD = gnu17;
				GCC_DYNAMIC_NO_PIC = NO;
				GCC_NO_COMMON_BLOCKS = YES;
				GCC_OPTIMIZATION_LEVEL = 0;
				GCC_PREPROCESSOR_DEFINITIONS = (
					"DEBUG=1",
					"$(inherited)",
				);
				GCC_WARN_64_TO_32_BIT_CONVERSION = YES;
				GCC_WARN_ABOUT_RETURN_TYPE = YES_ERROR;
				GCC_WARN_UNDECLARED_SELECTOR = YES;
				GCC_WARN_UNINITIALIZED_AUTOS = YES_AGGRESSIVE;
				GCC_WARN_UNUSED_FUNCTION = YES;
				GCC_WARN_UNUSED_VARIABLE = YES;
				LOCALIZATION_PREFERS_STRING_CATALOGS = YES;
				MACOSX_DEPLOYMENT_TARGET = 14.0;
				MTL_ENABLE_DEBUG_INFO = INCLUDE_SOURCE;
				MTL_FAST_MATH = YES;
				ONLY_ACTIVE_ARCH = YES;
				SDKROOT = macosx;
				SWIFT_ACTIVE_COMPILATION_CONDITIONS = "DEBUG $(inherited)";
				SWIFT_OPTIMIZATION_LEVEL = "-Onone";
			};
			name = Debug;
		};
		4159FE682D497D4600B79670 /* Release */ = {
			isa = XCBuildConfiguration;
			buildSettings = {
				ALWAYS_SEARCH_USER_PATHS = NO;
				ASSETCATALOG_COMPILER_GENERATE_SWIFT_ASSET_SYMBOL_EXTENSIONS = YES;
				CLANG_ANALYZER_NONNULL = YES;
				CLANG_ANALYZER_NUMBER_OBJECT_CONVERSION = YES_AGGRESSIVE;
				CLANG_CXX_LANGUAGE_STANDARD = "gnu++20";
				CLANG_ENABLE_MODULES = YES;
				CLANG_ENABLE_OBJC_ARC = YES;
				CLANG_ENABLE_OBJC_WEAK = YES;
				CLANG_WARN_BLOCK_CAPTURE_AUTORELEASING = YES;
				CLANG_WARN_BOOL_CONVERSION = YES;
				CLANG_WARN_COMMA = YES;
				CLANG_WARN_CONSTANT_CONVERSION = YES;
				CLANG_WARN_DEPRECATED_OBJC_IMPLEMENTATIONS = YES;
				CLANG_WARN_DIRECT_OBJC_ISA_USAGE = YES_ERROR;
				CLANG_WARN_DOCUMENTATION_COMMENTS = YES;
				CLANG_WARN_EMPTY_BODY = YES;
				CLANG_WARN_ENUM_CONVERSION = YES;
				CLANG_WARN_INFINITE_RECURSION = YES;
				CLANG_WARN_INT_CONVERSION = YES;
				CLANG_WARN_NON_LITERAL_NULL_CONVERSION = YES;
				CLANG_WARN_OBJC_IMPLICIT_RETAIN_SELF = YES;
				CLANG_WARN_OBJC_LITERAL_CONVERSION = YES;
				CLANG_WARN_OBJC_ROOT_CLASS = YES_ERROR;
				CLANG_WARN_QUOTED_INCLUDE_IN_FRAMEWORK_HEADER = YES;
				CLANG_WARN_RANGE_LOOP_ANALYSIS = YES;
				CLANG_WARN_STRICT_PROTOTYPES = YES;
				CLANG_WARN_SUSPICIOUS_MOVE = YES;
				CLANG_WARN_UNGUARDED_AVAILABILITY = YES_AGGRESSIVE;
				CLANG_WARN_UNREACHABLE_CODE = YES;
				CLANG_WARN__DUPLICATE_METHOD_MATCH = YES;
				COPY_PHASE_STRIP = NO;
				DEBUG_INFORMATION_FORMAT = "dwarf-with-dsym";
				ENABLE_NS_ASSERTIONS = NO;
				ENABLE_STRICT_OBJC_MSGSEND = YES;
				ENABLE_USER_SCRIPT_SANDBOXING = YES;
				GCC_C_LANGUAGE_STANDARD = gnu17;
				GCC_NO_COMMON_BLOCKS = YES;
				GCC_WARN_64_TO_32_BIT_CONVERSION = YES;
				GCC_WARN_ABOUT_RETURN_TYPE = YES_ERROR;
				GCC_WARN_UNDECLARED_SELECTOR = YES;
				GCC_WARN_UNINITIALIZED_AUTOS = YES_AGGRESSIVE;
				GCC_WARN_UNUSED_FUNCTION = YES;
				GCC_WARN_UNUSED_VARIABLE = YES;
				LOCALIZATION_PREFERS_STRING_CATALOGS = YES;
				MACOSX_DEPLOYMENT_TARGET = 14.0;
				MTL_ENABLE_DEBUG_INFO = NO;
				MTL_FAST_MATH = YES;
				SDKROOT = macosx;
				SWIFT_COMPILATION_MODE = wholemodule;
			};
			name = Release;
		};
		4159FE6A2D497D4600B79670 /* Debug */ = {
			isa = XCBuildConfiguration;
			buildSettings = {
				ASSETCATALOG_COMPILER_APPICON_NAME = AppIcon;
				ASSETCATALOG_COMPILER_GLOBAL_ACCENT_COLOR_NAME = AccentColor;
				CODE_SIGN_ENTITLEMENTS = ScreenShader/ScreenShader.entitlements;
				CODE_SIGN_STYLE = Automatic;
				COMBINE_HIDPI_IMAGES = YES;
				CURRENT_PROJECT_VERSION = 5;
				DEVELOPMENT_TEAM = 96WC9B3X62;
				ENABLE_HARDENED_RUNTIME = YES;
				GENERATE_INFOPLIST_FILE = YES;
				INFOPLIST_FILE = ScreenShader/Info.plist;
				INFOPLIST_KEY_CFBundleDisplayName = ScreenShader;
				INFOPLIST_KEY_LSApplicationCategoryType = "public.app-category.utilities";
				INFOPLIST_KEY_NSHumanReadableCopyright = "";
				INFOPLIST_KEY_NSPrincipalClass = NSApplication;
				LD_RUNPATH_SEARCH_PATHS = (
					"$(inherited)",
					"@executable_path/../Frameworks",
				);
				MACOSX_DEPLOYMENT_TARGET = 14.0;
				MARKETING_VERSION = 1.1.1;
				PRODUCT_BUNDLE_IDENTIFIER = io.github.branpk.ScreenShader;
				PRODUCT_NAME = "$(TARGET_NAME)";
				SWIFT_EMIT_LOC_STRINGS = YES;
				SWIFT_VERSION = 5.0;
			};
			name = Debug;
		};
		4159FE6B2D497D4600B79670 /* Release */ = {
			isa = XCBuildConfiguration;
			buildSettings = {
				ASSETCATALOG_COMPILER_APPICON_NAME = AppIcon;
				ASSETCATALOG_COMPILER_GLOBAL_ACCENT_COLOR_NAME = AccentColor;
				CODE_SIGN_ENTITLEMENTS = ScreenShader/ScreenShader.entitlements;
				CODE_SIGN_STYLE = Automatic;
				COMBINE_HIDPI_IMAGES = YES;
				CURRENT_PROJECT_VERSION = 5;
				DEVELOPMENT_TEAM = 96WC9B3X62;
				ENABLE_HARDENED_RUNTIME = YES;
				GENERATE_INFOPLIST_FILE = YES;
				INFOPLIST_FILE = ScreenShader/Info.plist;
				INFOPLIST_KEY_CFBundleDisplayName = ScreenShader;
				INFOPLIST_KEY_LSApplicationCategoryType = "public.app-category.utilities";
				INFOPLIST_KEY_NSHumanReadableCopyright = "";
				INFOPLIST_KEY_NSPrincipalClass = NSApplication;
				LD_RUNPATH_SEARCH_PATHS = (
					"$(inherited)",
					"@executable_path/../Frameworks",
				);
				MACOSX_DEPLOYMENT_TARGET = 14.0;
				MARKETING_VERSION = 1.1.1;
				PRODUCT_BUNDLE_IDENTIFIER = io.github.branpk.ScreenShader;
				PRODUCT_NAME = "$(TARGET_NAME)";
				SWIFT_EMIT_LOC_STRINGS = YES;
				SWIFT_VERSION = 5.0;
			};
			name = Release;
		};
/* End XCBuildConfiguration section */

/* Begin XCConfigurationList section */
		4159FE572D497D4400B79670 /* Build configuration list for PBXProject "ScreenShader" */ = {
			isa = XCConfigurationList;
			buildConfigurations = (
				4159FE672D497D4600B79670 /* Debug */,
				4159FE682D497D4600B79670 /* Release */,
			);
			defaultConfigurationIsVisible = 0;
			defaultConfigurationName = Release;
		};
		4159FE692D497D4600B79670 /* Build configuration list for PBXNativeTarget "ScreenShader" */ = {
			isa = XCConfigurationList;
			buildConfigurations = (
				4159FE6A2D497D4600B79670 /* Debug */,
				4159FE6B2D497D4600B79670 /* Release */,
			);
			defaultConfigurationIsVisible = 0;
			defaultConfigurationName = Release;
		};
/* End XCConfigurationList section */

/* Begin XCRemoteSwiftPackageReference section */
		41C290E22D4B04A100675317 /* XCRemoteSwiftPackageReference "Sparkle" */ = {
			isa = XCRemoteSwiftPackageReference;
			repositoryURL = "https://github.com/sparkle-project/Sparkle";
			requirement = {
				kind = upToNextMajorVersion;
				minimumVersion = 2.6.4;
			};
		};
/* End XCRemoteSwiftPackageReference section */

/* Begin XCSwiftPackageProductDependency section */
		41C290E32D4B04A100675317 /* Sparkle */ = {
			isa = XCSwiftPackageProductDependency;
			package = 41C290E22D4B04A100675317 /* XCRemoteSwiftPackageReference "Sparkle" */;
			productName = Sparkle;
		};
/* End XCSwiftPackageProductDependency section */
	};
	rootObject = 4159FE542D497D4400B79670 /* Project object */;
}
